// !$*UTF8*$!
{
	archiveVersion = 1;
	classes = {
	};
	objectVersion = 56;
	objects = {

/* Begin PBXBuildFile section */
		B8130D2229185A6500BCF4BB /* TransactionsApp.swift in Sources */ = {isa = PBXBuildFile; fileRef = B8130D2129185A6500BCF4BB /* TransactionsApp.swift */; };
		B8130D2429185A6500BCF4BB /* ContentView.swift in Sources */ = {isa = PBXBuildFile; fileRef = B8130D2329185A6500BCF4BB /* ContentView.swift */; };
		B8130D2629185A6700BCF4BB /* Assets.xcassets in Resources */ = {isa = PBXBuildFile; fileRef = B8130D2529185A6700BCF4BB /* Assets.xcassets */; };
		B8130D2929185A6700BCF4BB /* Preview Assets.xcassets in Resources */ = {isa = PBXBuildFile; fileRef = B8130D2829185A6700BCF4BB /* Preview Assets.xcassets */; };
		B8130D3329185A6700BCF4BB /* TransactionsTests.swift in Sources */ = {isa = PBXBuildFile; fileRef = B8130D3229185A6700BCF4BB /* TransactionsTests.swift */; };
		B8130D3D29185A6700BCF4BB /* TransactionsUITests.swift in Sources */ = {isa = PBXBuildFile; fileRef = B8130D3C29185A6700BCF4BB /* TransactionsUITests.swift */; };
		B8130D3F29185A6700BCF4BB /* TransactionsUITestsLaunchTests.swift in Sources */ = {isa = PBXBuildFile; fileRef = B8130D3E29185A6700BCF4BB /* TransactionsUITestsLaunchTests.swift */; };
		B8130D4F29185C5600BCF4BB /* DesignSystem in Frameworks */ = {isa = PBXBuildFile; productRef = B8130D4E29185C5600BCF4BB /* DesignSystem */; };
		B8130D5129185C5600BCF4BB /* Network in Frameworks */ = {isa = PBXBuildFile; productRef = B8130D5029185C5600BCF4BB /* Network */; };
		B8130D5429185C9300BCF4BB /* Factory in Frameworks */ = {isa = PBXBuildFile; productRef = B8130D5329185C9300BCF4BB /* Factory */; };
		B84186CA29192B4200D97358 /* TransactionRepository.swift in Sources */ = {isa = PBXBuildFile; fileRef = B84186C929192B4200D97358 /* TransactionRepository.swift */; };
		B84186CD29192C4900D97358 /* AppConfiguration.swift in Sources */ = {isa = PBXBuildFile; fileRef = B84186CC29192C4900D97358 /* AppConfiguration.swift */; };
		B84186D029192F5F00D97358 /* Transactions.swift in Sources */ = {isa = PBXBuildFile; fileRef = B84186CF29192F5F00D97358 /* Transactions.swift */; };
		B84186D229192F7100D97358 /* Transaction.swift in Sources */ = {isa = PBXBuildFile; fileRef = B84186D129192F7100D97358 /* Transaction.swift */; };
		B84186D429192F8900D97358 /* Amount.swift in Sources */ = {isa = PBXBuildFile; fileRef = B84186D329192F8900D97358 /* Amount.swift */; };
		B84186D629192F9F00D97358 /* Currency.swift in Sources */ = {isa = PBXBuildFile; fileRef = B84186D529192F9F00D97358 /* Currency.swift */; };
		B84186D829192FB500D97358 /* Icon.swift in Sources */ = {isa = PBXBuildFile; fileRef = B84186D729192FB500D97358 /* Icon.swift */; };
		B84186DB2919305100D97358 /* Repositories+Dependencies.swift in Sources */ = {isa = PBXBuildFile; fileRef = B84186DA2919305100D97358 /* Repositories+Dependencies.swift */; };
		B84186DF291930C400D97358 /* TransactionsView.swift in Sources */ = {isa = PBXBuildFile; fileRef = B84186DD291930C400D97358 /* TransactionsView.swift */; };
		B84186E0291930C400D97358 /* TransactionsViewModel.swift in Sources */ = {isa = PBXBuildFile; fileRef = B84186DE291930C400D97358 /* TransactionsViewModel.swift */; };
		B84186E329197C2000D97358 /* String+Extensions.swift in Sources */ = {isa = PBXBuildFile; fileRef = B84186E229197C2000D97358 /* String+Extensions.swift */; };
		B84186E529197C4400D97358 /* DateFormatter+Extensions.swift in Sources */ = {isa = PBXBuildFile; fileRef = B84186E429197C4400D97358 /* DateFormatter+Extensions.swift */; };
		B8D051EC29201AF800E82490 /* Transaction+Extensions.swift in Sources */ = {isa = PBXBuildFile; fileRef = B8D051EB29201AF800E82490 /* Transaction+Extensions.swift */; };
		B8D051EE29201B5200E82490 /* GetOrderedTransactions.swift in Sources */ = {isa = PBXBuildFile; fileRef = B8D051ED29201B5200E82490 /* GetOrderedTransactions.swift */; };
		B8D051F02920222600E82490 /* UseCases+Dependencies.swift in Sources */ = {isa = PBXBuildFile; fileRef = B8D051EF2920222600E82490 /* UseCases+Dependencies.swift */; };
		B8D051F22921439700E82490 /* Month.swift in Sources */ = {isa = PBXBuildFile; fileRef = B8D051F12921439700E82490 /* Month.swift */; };
		B8D051F4292143B400E82490 /* Date+Extensions.swift in Sources */ = {isa = PBXBuildFile; fileRef = B8D051F3292143B400E82490 /* Date+Extensions.swift */; };
/* End PBXBuildFile section */

/* Begin PBXContainerItemProxy section */
		B8130D2F29185A6700BCF4BB /* PBXContainerItemProxy */ = {
			isa = PBXContainerItemProxy;
			containerPortal = B8130D1629185A6500BCF4BB /* Project object */;
			proxyType = 1;
			remoteGlobalIDString = B8130D1D29185A6500BCF4BB;
			remoteInfo = Transactions;
		};
		B8130D3929185A6700BCF4BB /* PBXContainerItemProxy */ = {
			isa = PBXContainerItemProxy;
			containerPortal = B8130D1629185A6500BCF4BB /* Project object */;
			proxyType = 1;
			remoteGlobalIDString = B8130D1D29185A6500BCF4BB;
			remoteInfo = Transactions;
		};
/* End PBXContainerItemProxy section */

/* Begin PBXFileReference section */
		B8130D1E29185A6500BCF4BB /* Transactions.app */ = {isa = PBXFileReference; explicitFileType = wrapper.application; includeInIndex = 0; path = Transactions.app; sourceTree = BUILT_PRODUCTS_DIR; };
		B8130D2129185A6500BCF4BB /* TransactionsApp.swift */ = {isa = PBXFileReference; lastKnownFileType = sourcecode.swift; path = TransactionsApp.swift; sourceTree = "<group>"; };
		B8130D2329185A6500BCF4BB /* ContentView.swift */ = {isa = PBXFileReference; lastKnownFileType = sourcecode.swift; path = ContentView.swift; sourceTree = "<group>"; };
		B8130D2529185A6700BCF4BB /* Assets.xcassets */ = {isa = PBXFileReference; lastKnownFileType = folder.assetcatalog; path = Assets.xcassets; sourceTree = "<group>"; };
		B8130D2829185A6700BCF4BB /* Preview Assets.xcassets */ = {isa = PBXFileReference; lastKnownFileType = folder.assetcatalog; path = "Preview Assets.xcassets"; sourceTree = "<group>"; };
		B8130D2E29185A6700BCF4BB /* TransactionsTests.xctest */ = {isa = PBXFileReference; explicitFileType = wrapper.cfbundle; includeInIndex = 0; path = TransactionsTests.xctest; sourceTree = BUILT_PRODUCTS_DIR; };
		B8130D3229185A6700BCF4BB /* TransactionsTests.swift */ = {isa = PBXFileReference; lastKnownFileType = sourcecode.swift; path = TransactionsTests.swift; sourceTree = "<group>"; };
		B8130D3829185A6700BCF4BB /* TransactionsUITests.xctest */ = {isa = PBXFileReference; explicitFileType = wrapper.cfbundle; includeInIndex = 0; path = TransactionsUITests.xctest; sourceTree = BUILT_PRODUCTS_DIR; };
		B8130D3C29185A6700BCF4BB /* TransactionsUITests.swift */ = {isa = PBXFileReference; lastKnownFileType = sourcecode.swift; path = TransactionsUITests.swift; sourceTree = "<group>"; };
		B8130D3E29185A6700BCF4BB /* TransactionsUITestsLaunchTests.swift */ = {isa = PBXFileReference; lastKnownFileType = sourcecode.swift; path = TransactionsUITestsLaunchTests.swift; sourceTree = "<group>"; };
		B8130D4B29185B7E00BCF4BB /* DesignSystem */ = {isa = PBXFileReference; lastKnownFileType = wrapper; name = DesignSystem; path = Packages/DesignSystem; sourceTree = "<group>"; };
		B8130D4C29185BFA00BCF4BB /* Network */ = {isa = PBXFileReference; lastKnownFileType = wrapper; name = Network; path = Packages/Network; sourceTree = "<group>"; };
		B84186C929192B4200D97358 /* TransactionRepository.swift */ = {isa = PBXFileReference; lastKnownFileType = sourcecode.swift; path = TransactionRepository.swift; sourceTree = "<group>"; };
		B84186CC29192C4900D97358 /* AppConfiguration.swift */ = {isa = PBXFileReference; lastKnownFileType = sourcecode.swift; path = AppConfiguration.swift; sourceTree = "<group>"; };
		B84186CF29192F5F00D97358 /* Transactions.swift */ = {isa = PBXFileReference; lastKnownFileType = sourcecode.swift; path = Transactions.swift; sourceTree = "<group>"; };
		B84186D129192F7100D97358 /* Transaction.swift */ = {isa = PBXFileReference; lastKnownFileType = sourcecode.swift; path = Transaction.swift; sourceTree = "<group>"; };
		B84186D329192F8900D97358 /* Amount.swift */ = {isa = PBXFileReference; lastKnownFileType = sourcecode.swift; path = Amount.swift; sourceTree = "<group>"; };
		B84186D529192F9F00D97358 /* Currency.swift */ = {isa = PBXFileReference; lastKnownFileType = sourcecode.swift; path = Currency.swift; sourceTree = "<group>"; };
		B84186D729192FB500D97358 /* Icon.swift */ = {isa = PBXFileReference; lastKnownFileType = sourcecode.swift; path = Icon.swift; sourceTree = "<group>"; };
		B84186DA2919305100D97358 /* Repositories+Dependencies.swift */ = {isa = PBXFileReference; lastKnownFileType = sourcecode.swift; path = "Repositories+Dependencies.swift"; sourceTree = "<group>"; };
		B84186DD291930C400D97358 /* TransactionsView.swift */ = {isa = PBXFileReference; lastKnownFileType = sourcecode.swift; path = TransactionsView.swift; sourceTree = "<group>"; };
		B84186DE291930C400D97358 /* TransactionsViewModel.swift */ = {isa = PBXFileReference; lastKnownFileType = sourcecode.swift; path = TransactionsViewModel.swift; sourceTree = "<group>"; };
		B84186E229197C2000D97358 /* String+Extensions.swift */ = {isa = PBXFileReference; lastKnownFileType = sourcecode.swift; path = "String+Extensions.swift"; sourceTree = "<group>"; };
		B84186E429197C4400D97358 /* DateFormatter+Extensions.swift */ = {isa = PBXFileReference; lastKnownFileType = sourcecode.swift; path = "DateFormatter+Extensions.swift"; sourceTree = "<group>"; };
		B8D051EB29201AF800E82490 /* Transaction+Extensions.swift */ = {isa = PBXFileReference; lastKnownFileType = sourcecode.swift; path = "Transaction+Extensions.swift"; sourceTree = "<group>"; };
		B8D051ED29201B5200E82490 /* GetOrderedTransactions.swift */ = {isa = PBXFileReference; lastKnownFileType = sourcecode.swift; path = GetOrderedTransactions.swift; sourceTree = "<group>"; };
		B8D051EF2920222600E82490 /* UseCases+Dependencies.swift */ = {isa = PBXFileReference; lastKnownFileType = sourcecode.swift; path = "UseCases+Dependencies.swift"; sourceTree = "<group>"; };
		B8D051F12921439700E82490 /* Month.swift */ = {isa = PBXFileReference; lastKnownFileType = sourcecode.swift; path = Month.swift; sourceTree = "<group>"; };
		B8D051F3292143B400E82490 /* Date+Extensions.swift */ = {isa = PBXFileReference; lastKnownFileType = sourcecode.swift; path = "Date+Extensions.swift"; sourceTree = "<group>"; };
/* End PBXFileReference section */

/* Begin PBXFrameworksBuildPhase section */
		B8130D1B29185A6500BCF4BB /* Frameworks */ = {
			isa = PBXFrameworksBuildPhase;
			buildActionMask = 2147483647;
			files = (
				B8130D5429185C9300BCF4BB /* Factory in Frameworks */,
				B8130D4F29185C5600BCF4BB /* DesignSystem in Frameworks */,
				B8130D5129185C5600BCF4BB /* Network in Frameworks */,
			);
			runOnlyForDeploymentPostprocessing = 0;
		};
		B8130D2B29185A6700BCF4BB /* Frameworks */ = {
			isa = PBXFrameworksBuildPhase;
			buildActionMask = 2147483647;
			files = (
			);
			runOnlyForDeploymentPostprocessing = 0;
		};
		B8130D3529185A6700BCF4BB /* Frameworks */ = {
			isa = PBXFrameworksBuildPhase;
			buildActionMask = 2147483647;
			files = (
			);
			runOnlyForDeploymentPostprocessing = 0;
		};
/* End PBXFrameworksBuildPhase section */

/* Begin PBXGroup section */
		B8130D1529185A6500BCF4BB = {
			isa = PBXGroup;
			children = (
				B8130D2029185A6500BCF4BB /* Transactions */,
				B8130D3129185A6700BCF4BB /* TransactionsTests */,
				B8130D3B29185A6700BCF4BB /* TransactionsUITests */,
				B8130D4B29185B7E00BCF4BB /* DesignSystem */,
				B8130D4C29185BFA00BCF4BB /* Network */,
				B8130D1F29185A6500BCF4BB /* Products */,
				B8130D4D29185C5600BCF4BB /* Frameworks */,
			);
			sourceTree = "<group>";
		};
		B8130D1F29185A6500BCF4BB /* Products */ = {
			isa = PBXGroup;
			children = (
				B8130D1E29185A6500BCF4BB /* Transactions.app */,
				B8130D2E29185A6700BCF4BB /* TransactionsTests.xctest */,
				B8130D3829185A6700BCF4BB /* TransactionsUITests.xctest */,
			);
			name = Products;
			sourceTree = "<group>";
		};
		B8130D2029185A6500BCF4BB /* Transactions */ = {
			isa = PBXGroup;
			children = (
				B8130D5529185CB900BCF4BB /* App */,
				B8130D5629185CC200BCF4BB /* AppManagement */,
				B8130D2329185A6500BCF4BB /* ContentView.swift */,
				B8130D5729185CE200BCF4BB /* Scenes */,
				B8130D5829185CEA00BCF4BB /* Shared */,
			);
			path = Transactions;
			sourceTree = "<group>";
		};
		B8130D2729185A6700BCF4BB /* Preview Content */ = {
			isa = PBXGroup;
			children = (
				B8130D2829185A6700BCF4BB /* Preview Assets.xcassets */,
			);
			name = "Preview Content";
			path = "../Preview Content";
			sourceTree = "<group>";
		};
		B8130D3129185A6700BCF4BB /* TransactionsTests */ = {
			isa = PBXGroup;
			children = (
				B8130D3229185A6700BCF4BB /* TransactionsTests.swift */,
			);
			path = TransactionsTests;
			sourceTree = "<group>";
		};
		B8130D3B29185A6700BCF4BB /* TransactionsUITests */ = {
			isa = PBXGroup;
			children = (
				B8130D3C29185A6700BCF4BB /* TransactionsUITests.swift */,
				B8130D3E29185A6700BCF4BB /* TransactionsUITestsLaunchTests.swift */,
			);
			path = TransactionsUITests;
			sourceTree = "<group>";
		};
		B8130D4D29185C5600BCF4BB /* Frameworks */ = {
			isa = PBXGroup;
			children = (
			);
			name = Frameworks;
			sourceTree = "<group>";
		};
		B8130D5529185CB900BCF4BB /* App */ = {
			isa = PBXGroup;
			children = (
				B84186C529185D7400D97358 /* Ressources */,
				B8130D2729185A6700BCF4BB /* Preview Content */,
				B8130D2129185A6500BCF4BB /* TransactionsApp.swift */,
			);
			path = App;
			sourceTree = "<group>";
		};
		B8130D5629185CC200BCF4BB /* AppManagement */ = {
			isa = PBXGroup;
			children = (
				B84186D929192FDC00D97358 /* Dependencies */,
				B84186CB29192C1800D97358 /* Configurations */,
			);
			path = AppManagement;
			sourceTree = "<group>";
		};
		B8130D5729185CE200BCF4BB /* Scenes */ = {
			isa = PBXGroup;
			children = (
				B84186DC291930A900D97358 /* TransactionsView */,
			);
			path = Scenes;
			sourceTree = "<group>";
		};
		B8130D5829185CEA00BCF4BB /* Shared */ = {
			isa = PBXGroup;
			children = (
				B84186E129197C0C00D97358 /* Extensions */,
				B84186CE29192F5200D97358 /* Models */,
				B84186C729192A9C00D97358 /* DomainLayer */,
				B84186C629192A9400D97358 /* DataLayer */,
			);
			path = Shared;
			sourceTree = "<group>";
		};
		B84186C529185D7400D97358 /* Ressources */ = {
			isa = PBXGroup;
			children = (
				B8130D2529185A6700BCF4BB /* Assets.xcassets */,
			);
			path = Ressources;
			sourceTree = "<group>";
		};
		B84186C629192A9400D97358 /* DataLayer */ = {
			isa = PBXGroup;
			children = (
				B84186C829192B2D00D97358 /* Repositories */,
			);
			path = DataLayer;
			sourceTree = "<group>";
		};
		B84186C729192A9C00D97358 /* DomainLayer */ = {
			isa = PBXGroup;
			children = (
				B8D051ED29201B5200E82490 /* GetOrderedTransactions.swift */,
			);
			path = DomainLayer;
			sourceTree = "<group>";
		};
		B84186C829192B2D00D97358 /* Repositories */ = {
			isa = PBXGroup;
			children = (
				B84186C929192B4200D97358 /* TransactionRepository.swift */,
			);
			path = Repositories;
			sourceTree = "<group>";
		};
		B84186CB29192C1800D97358 /* Configurations */ = {
			isa = PBXGroup;
			children = (
				B84186CC29192C4900D97358 /* AppConfiguration.swift */,
			);
			path = Configurations;
			sourceTree = "<group>";
		};
		B84186CE29192F5200D97358 /* Models */ = {
			isa = PBXGroup;
			children = (
				B84186CF29192F5F00D97358 /* Transactions.swift */,
				B84186D129192F7100D97358 /* Transaction.swift */,
				B84186D329192F8900D97358 /* Amount.swift */,
				B84186D529192F9F00D97358 /* Currency.swift */,
				B84186D729192FB500D97358 /* Icon.swift */,
				B8D051F12921439700E82490 /* Month.swift */,
			);
			path = Models;
			sourceTree = "<group>";
		};
		B84186D929192FDC00D97358 /* Dependencies */ = {
			isa = PBXGroup;
			children = (
				B84186DA2919305100D97358 /* Repositories+Dependencies.swift */,
				B8D051EF2920222600E82490 /* UseCases+Dependencies.swift */,
			);
			path = Dependencies;
			sourceTree = "<group>";
		};
		B84186DC291930A900D97358 /* TransactionsView */ = {
			isa = PBXGroup;
			children = (
				B84186DD291930C400D97358 /* TransactionsView.swift */,
				B84186DE291930C400D97358 /* TransactionsViewModel.swift */,
			);
			path = TransactionsView;
			sourceTree = "<group>";
		};
		B84186E129197C0C00D97358 /* Extensions */ = {
			isa = PBXGroup;
			children = (
				B84186E229197C2000D97358 /* String+Extensions.swift */,
				B84186E429197C4400D97358 /* DateFormatter+Extensions.swift */,
				B8D051EB29201AF800E82490 /* Transaction+Extensions.swift */,
				B8D051F3292143B400E82490 /* Date+Extensions.swift */,
			);
			path = Extensions;
			sourceTree = "<group>";
		};
/* End PBXGroup section */

/* Begin PBXNativeTarget section */
		B8130D1D29185A6500BCF4BB /* Transactions */ = {
			isa = PBXNativeTarget;
			buildConfigurationList = B8130D4229185A6700BCF4BB /* Build configuration list for PBXNativeTarget "Transactions" */;
			buildPhases = (
				B8D051FC2922664200E82490 /* Swiftformat */,
				B8D051FD2922666E00E82490 /* Swiftlint */,
				B8130D1A29185A6500BCF4BB /* Sources */,
				B8130D1B29185A6500BCF4BB /* Frameworks */,
				B8130D1C29185A6500BCF4BB /* Resources */,
			);
			buildRules = (
			);
			dependencies = (
			);
			name = Transactions;
			packageProductDependencies = (
				B8130D4E29185C5600BCF4BB /* DesignSystem */,
				B8130D5029185C5600BCF4BB /* Network */,
				B8130D5329185C9300BCF4BB /* Factory */,
			);
			productName = Transactions;
			productReference = B8130D1E29185A6500BCF4BB /* Transactions.app */;
			productType = "com.apple.product-type.application";
		};
		B8130D2D29185A6700BCF4BB /* TransactionsTests */ = {
			isa = PBXNativeTarget;
			buildConfigurationList = B8130D4529185A6700BCF4BB /* Build configuration list for PBXNativeTarget "TransactionsTests" */;
			buildPhases = (
				B8130D2A29185A6700BCF4BB /* Sources */,
				B8130D2B29185A6700BCF4BB /* Frameworks */,
				B8130D2C29185A6700BCF4BB /* Resources */,
			);
			buildRules = (
			);
			dependencies = (
				B8130D3029185A6700BCF4BB /* PBXTargetDependency */,
			);
			name = TransactionsTests;
			productName = TransactionsTests;
			productReference = B8130D2E29185A6700BCF4BB /* TransactionsTests.xctest */;
			productType = "com.apple.product-type.bundle.unit-test";
		};
		B8130D3729185A6700BCF4BB /* TransactionsUITests */ = {
			isa = PBXNativeTarget;
			buildConfigurationList = B8130D4829185A6700BCF4BB /* Build configuration list for PBXNativeTarget "TransactionsUITests" */;
			buildPhases = (
				B8130D3429185A6700BCF4BB /* Sources */,
				B8130D3529185A6700BCF4BB /* Frameworks */,
				B8130D3629185A6700BCF4BB /* Resources */,
			);
			buildRules = (
			);
			dependencies = (
				B8130D3A29185A6700BCF4BB /* PBXTargetDependency */,
			);
			name = TransactionsUITests;
			productName = TransactionsUITests;
			productReference = B8130D3829185A6700BCF4BB /* TransactionsUITests.xctest */;
			productType = "com.apple.product-type.bundle.ui-testing";
		};
/* End PBXNativeTarget section */

/* Begin PBXProject section */
		B8130D1629185A6500BCF4BB /* Project object */ = {
			isa = PBXProject;
			attributes = {
				BuildIndependentTargetsInParallel = 1;
				LastSwiftUpdateCheck = 1410;
				LastUpgradeCheck = 1410;
				TargetAttributes = {
					B8130D1D29185A6500BCF4BB = {
						CreatedOnToolsVersion = 14.1;
					};
					B8130D2D29185A6700BCF4BB = {
						CreatedOnToolsVersion = 14.1;
						TestTargetID = B8130D1D29185A6500BCF4BB;
					};
					B8130D3729185A6700BCF4BB = {
						CreatedOnToolsVersion = 14.1;
						TestTargetID = B8130D1D29185A6500BCF4BB;
					};
				};
			};
			buildConfigurationList = B8130D1929185A6500BCF4BB /* Build configuration list for PBXProject "Transactions" */;
			compatibilityVersion = "Xcode 14.0";
			developmentRegion = en;
			hasScannedForEncodings = 0;
			knownRegions = (
				en,
				Base,
			);
			mainGroup = B8130D1529185A6500BCF4BB;
			packageReferences = (
				B8130D5229185C9300BCF4BB /* XCRemoteSwiftPackageReference "Factory" */,
			);
			productRefGroup = B8130D1F29185A6500BCF4BB /* Products */;
			projectDirPath = "";
			projectRoot = "";
			targets = (
				B8130D1D29185A6500BCF4BB /* Transactions */,
				B8130D2D29185A6700BCF4BB /* TransactionsTests */,
				B8130D3729185A6700BCF4BB /* TransactionsUITests */,
			);
		};
/* End PBXProject section */

/* Begin PBXResourcesBuildPhase section */
		B8130D1C29185A6500BCF4BB /* Resources */ = {
			isa = PBXResourcesBuildPhase;
			buildActionMask = 2147483647;
			files = (
				B8130D2929185A6700BCF4BB /* Preview Assets.xcassets in Resources */,
				B8130D2629185A6700BCF4BB /* Assets.xcassets in Resources */,
			);
			runOnlyForDeploymentPostprocessing = 0;
		};
		B8130D2C29185A6700BCF4BB /* Resources */ = {
			isa = PBXResourcesBuildPhase;
			buildActionMask = 2147483647;
			files = (
			);
			runOnlyForDeploymentPostprocessing = 0;
		};
		B8130D3629185A6700BCF4BB /* Resources */ = {
			isa = PBXResourcesBuildPhase;
			buildActionMask = 2147483647;
			files = (
			);
			runOnlyForDeploymentPostprocessing = 0;
		};
/* End PBXResourcesBuildPhase section */

/* Begin PBXShellScriptBuildPhase section */
		B8D051FC2922664200E82490 /* Swiftformat */ = {
			isa = PBXShellScriptBuildPhase;
			alwaysOutOfDate = 1;
			buildActionMask = 2147483647;
			files = (
			);
			inputFileListPaths = (
			);
			inputPaths = (
			);
			name = Swiftformat;
			outputFileListPaths = (
			);
			outputPaths = (
			);
			runOnlyForDeploymentPostprocessing = 0;
			shellPath = /bin/sh;
			shellScript = "PATH=/opt/homebrew/bin/:$PATH\n\nif which swiftformat >/dev/null; then\nswiftformat .\nelse\necho \"warning: SwiftFormat not installed, download from https://github.com/nicklockwood/SwiftFormat\"\nfi\n";
		};
		B8D051FD2922666E00E82490 /* Swiftlint */ = {
			isa = PBXShellScriptBuildPhase;
			alwaysOutOfDate = 1;
			buildActionMask = 2147483647;
			files = (
			);
			inputFileListPaths = (
			);
			inputPaths = (
			);
			name = Swiftlint;
			outputFileListPaths = (
			);
			outputPaths = (
			);
			runOnlyForDeploymentPostprocessing = 0;
			shellPath = /bin/sh;
			shellScript = "PATH=/opt/homebrew/bin/:$PATH\n\nif which swiftlint >/dev/null; then\n  swiftlint\nelse\n  echo \"warning: SwiftLint not installed, download from https://github.com/realm/SwiftLint\"\nfi\n";
		};
/* End PBXShellScriptBuildPhase section */

/* Begin PBXSourcesBuildPhase section */
		B8130D1A29185A6500BCF4BB /* Sources */ = {
			isa = PBXSourcesBuildPhase;
			buildActionMask = 2147483647;
			files = (
				B84186D029192F5F00D97358 /* Transactions.swift in Sources */,
				B8D051F02920222600E82490 /* UseCases+Dependencies.swift in Sources */,
				B8D051F22921439700E82490 /* Month.swift in Sources */,
				B84186E329197C2000D97358 /* String+Extensions.swift in Sources */,
				B84186E529197C4400D97358 /* DateFormatter+Extensions.swift in Sources */,
				B8130D2429185A6500BCF4BB /* ContentView.swift in Sources */,
				B8D051EC29201AF800E82490 /* Transaction+Extensions.swift in Sources */,
				B8D051EE29201B5200E82490 /* GetOrderedTransactions.swift in Sources */,
				B84186D229192F7100D97358 /* Transaction.swift in Sources */,
				B8D051F4292143B400E82490 /* Date+Extensions.swift in Sources */,
				B84186D829192FB500D97358 /* Icon.swift in Sources */,
				B84186D429192F8900D97358 /* Amount.swift in Sources */,
				B84186DF291930C400D97358 /* TransactionsView.swift in Sources */,
				B84186D629192F9F00D97358 /* Currency.swift in Sources */,
				B84186E0291930C400D97358 /* TransactionsViewModel.swift in Sources */,
				B8130D2229185A6500BCF4BB /* TransactionsApp.swift in Sources */,
				B84186CD29192C4900D97358 /* AppConfiguration.swift in Sources */,
				B84186DB2919305100D97358 /* Repositories+Dependencies.swift in Sources */,
				B84186CA29192B4200D97358 /* TransactionRepository.swift in Sources */,
			);
			runOnlyForDeploymentPostprocessing = 0;
		};
		B8130D2A29185A6700BCF4BB /* Sources */ = {
			isa = PBXSourcesBuildPhase;
			buildActionMask = 2147483647;
			files = (
				B8130D3329185A6700BCF4BB /* TransactionsTests.swift in Sources */,
			);
			runOnlyForDeploymentPostprocessing = 0;
		};
		B8130D3429185A6700BCF4BB /* Sources */ = {
			isa = PBXSourcesBuildPhase;
			buildActionMask = 2147483647;
			files = (
				B8130D3D29185A6700BCF4BB /* TransactionsUITests.swift in Sources */,
				B8130D3F29185A6700BCF4BB /* TransactionsUITestsLaunchTests.swift in Sources */,
			);
			runOnlyForDeploymentPostprocessing = 0;
		};
/* End PBXSourcesBuildPhase section */

/* Begin PBXTargetDependency section */
		B8130D3029185A6700BCF4BB /* PBXTargetDependency */ = {
			isa = PBXTargetDependency;
			target = B8130D1D29185A6500BCF4BB /* Transactions */;
			targetProxy = B8130D2F29185A6700BCF4BB /* PBXContainerItemProxy */;
		};
		B8130D3A29185A6700BCF4BB /* PBXTargetDependency */ = {
			isa = PBXTargetDependency;
			target = B8130D1D29185A6500BCF4BB /* Transactions */;
			targetProxy = B8130D3929185A6700BCF4BB /* PBXContainerItemProxy */;
		};
/* End PBXTargetDependency section */

/* Begin XCBuildConfiguration section */
		B8130D4029185A6700BCF4BB /* Debug */ = {
			isa = XCBuildConfiguration;
			buildSettings = {
				ALWAYS_SEARCH_USER_PATHS = NO;
				CLANG_ANALYZER_NONNULL = YES;
				CLANG_ANALYZER_NUMBER_OBJECT_CONVERSION = YES_AGGRESSIVE;
				CLANG_CXX_LANGUAGE_STANDARD = "gnu++20";
				CLANG_ENABLE_MODULES = YES;
				CLANG_ENABLE_OBJC_ARC = YES;
				CLANG_ENABLE_OBJC_WEAK = YES;
				CLANG_WARN_BLOCK_CAPTURE_AUTORELEASING = YES;
				CLANG_WARN_BOOL_CONVERSION = YES;
				CLANG_WARN_COMMA = YES;
				CLANG_WARN_CONSTANT_CONVERSION = YES;
				CLANG_WARN_DEPRECATED_OBJC_IMPLEMENTATIONS = YES;
				CLANG_WARN_DIRECT_OBJC_ISA_USAGE = YES_ERROR;
				CLANG_WARN_DOCUMENTATION_COMMENTS = YES;
				CLANG_WARN_EMPTY_BODY = YES;
				CLANG_WARN_ENUM_CONVERSION = YES;
				CLANG_WARN_INFINITE_RECURSION = YES;
				CLANG_WARN_INT_CONVERSION = YES;
				CLANG_WARN_NON_LITERAL_NULL_CONVERSION = YES;
				CLANG_WARN_OBJC_IMPLICIT_RETAIN_SELF = YES;
				CLANG_WARN_OBJC_LITERAL_CONVERSION = YES;
				CLANG_WARN_OBJC_ROOT_CLASS = YES_ERROR;
				CLANG_WARN_QUOTED_INCLUDE_IN_FRAMEWORK_HEADER = YES;
				CLANG_WARN_RANGE_LOOP_ANALYSIS = YES;
				CLANG_WARN_STRICT_PROTOTYPES = YES;
				CLANG_WARN_SUSPICIOUS_MOVE = YES;
				CLANG_WARN_UNGUARDED_AVAILABILITY = YES_AGGRESSIVE;
				CLANG_WARN_UNREACHABLE_CODE = YES;
				CLANG_WARN__DUPLICATE_METHOD_MATCH = YES;
				COPY_PHASE_STRIP = NO;
				DEBUG_INFORMATION_FORMAT = dwarf;
				ENABLE_STRICT_OBJC_MSGSEND = YES;
				ENABLE_TESTABILITY = YES;
				GCC_C_LANGUAGE_STANDARD = gnu11;
				GCC_DYNAMIC_NO_PIC = NO;
				GCC_NO_COMMON_BLOCKS = YES;
				GCC_OPTIMIZATION_LEVEL = 0;
				GCC_PREPROCESSOR_DEFINITIONS = (
					"DEBUG=1",
					"$(inherited)",
				);
				GCC_WARN_64_TO_32_BIT_CONVERSION = YES;
				GCC_WARN_ABOUT_RETURN_TYPE = YES_ERROR;
				GCC_WARN_UNDECLARED_SELECTOR = YES;
				GCC_WARN_UNINITIALIZED_AUTOS = YES_AGGRESSIVE;
				GCC_WARN_UNUSED_FUNCTION = YES;
				GCC_WARN_UNUSED_VARIABLE = YES;
				IPHONEOS_DEPLOYMENT_TARGET = 16.1;
				MTL_ENABLE_DEBUG_INFO = INCLUDE_SOURCE;
				MTL_FAST_MATH = YES;
				ONLY_ACTIVE_ARCH = YES;
				SDKROOT = iphoneos;
				SWIFT_ACTIVE_COMPILATION_CONDITIONS = DEBUG;
				SWIFT_OPTIMIZATION_LEVEL = "-Onone";
			};
			name = Debug;
		};
		B8130D4129185A6700BCF4BB /* Release */ = {
			isa = XCBuildConfiguration;
			buildSettings = {
				ALWAYS_SEARCH_USER_PATHS = NO;
				CLANG_ANALYZER_NONNULL = YES;
				CLANG_ANALYZER_NUMBER_OBJECT_CONVERSION = YES_AGGRESSIVE;
				CLANG_CXX_LANGUAGE_STANDARD = "gnu++20";
				CLANG_ENABLE_MODULES = YES;
				CLANG_ENABLE_OBJC_ARC = YES;
				CLANG_ENABLE_OBJC_WEAK = YES;
				CLANG_WARN_BLOCK_CAPTURE_AUTORELEASING = YES;
				CLANG_WARN_BOOL_CONVERSION = YES;
				CLANG_WARN_COMMA = YES;
				CLANG_WARN_CONSTANT_CONVERSION = YES;
				CLANG_WARN_DEPRECATED_OBJC_IMPLEMENTATIONS = YES;
				CLANG_WARN_DIRECT_OBJC_ISA_USAGE = YES_ERROR;
				CLANG_WARN_DOCUMENTATION_COMMENTS = YES;
				CLANG_WARN_EMPTY_BODY = YES;
				CLANG_WARN_ENUM_CONVERSION = YES;
				CLANG_WARN_INFINITE_RECURSION = YES;
				CLANG_WARN_INT_CONVERSION = YES;
				CLANG_WARN_NON_LITERAL_NULL_CONVERSION = YES;
				CLANG_WARN_OBJC_IMPLICIT_RETAIN_SELF = YES;
				CLANG_WARN_OBJC_LITERAL_CONVERSION = YES;
				CLANG_WARN_OBJC_ROOT_CLASS = YES_ERROR;
				CLANG_WARN_QUOTED_INCLUDE_IN_FRAMEWORK_HEADER = YES;
				CLANG_WARN_RANGE_LOOP_ANALYSIS = YES;
				CLANG_WARN_STRICT_PROTOTYPES = YES;
				CLANG_WARN_SUSPICIOUS_MOVE = YES;
				CLANG_WARN_UNGUARDED_AVAILABILITY = YES_AGGRESSIVE;
				CLANG_WARN_UNREACHABLE_CODE = YES;
				CLANG_WARN__DUPLICATE_METHOD_MATCH = YES;
				COPY_PHASE_STRIP = NO;
				DEBUG_INFORMATION_FORMAT = "dwarf-with-dsym";
				ENABLE_NS_ASSERTIONS = NO;
				ENABLE_STRICT_OBJC_MSGSEND = YES;
				GCC_C_LANGUAGE_STANDARD = gnu11;
				GCC_NO_COMMON_BLOCKS = YES;
				GCC_WARN_64_TO_32_BIT_CONVERSION = YES;
				GCC_WARN_ABOUT_RETURN_TYPE = YES_ERROR;
				GCC_WARN_UNDECLARED_SELECTOR = YES;
				GCC_WARN_UNINITIALIZED_AUTOS = YES_AGGRESSIVE;
				GCC_WARN_UNUSED_FUNCTION = YES;
				GCC_WARN_UNUSED_VARIABLE = YES;
				IPHONEOS_DEPLOYMENT_TARGET = 16.1;
				MTL_ENABLE_DEBUG_INFO = NO;
				MTL_FAST_MATH = YES;
				SDKROOT = iphoneos;
				SWIFT_COMPILATION_MODE = wholemodule;
				SWIFT_OPTIMIZATION_LEVEL = "-O";
				VALIDATE_PRODUCT = YES;
			};
			name = Release;
		};
		B8130D4329185A6700BCF4BB /* Debug */ = {
			isa = XCBuildConfiguration;
			buildSettings = {
				ASSETCATALOG_COMPILER_APPICON_NAME = AppIcon;
				ASSETCATALOG_COMPILER_GLOBAL_ACCENT_COLOR_NAME = AccentColor;
				CODE_SIGN_STYLE = Automatic;
				CURRENT_PROJECT_VERSION = 1;
				DEVELOPMENT_ASSET_PATHS = "\"Transactions/App/Preview Content\"";
				DEVELOPMENT_TEAM = WLGFZCD2AB;
				ENABLE_PREVIEWS = YES;
				GENERATE_INFOPLIST_FILE = YES;
				INFOPLIST_KEY_UIApplicationSceneManifest_Generation = YES;
				INFOPLIST_KEY_UIApplicationSupportsIndirectInputEvents = YES;
				INFOPLIST_KEY_UILaunchScreen_Generation = YES;
				INFOPLIST_KEY_UISupportedInterfaceOrientations_iPad = "UIInterfaceOrientationPortrait UIInterfaceOrientationPortraitUpsideDown UIInterfaceOrientationLandscapeLeft UIInterfaceOrientationLandscapeRight";
				INFOPLIST_KEY_UISupportedInterfaceOrientations_iPhone = "UIInterfaceOrientationPortrait UIInterfaceOrientationLandscapeLeft UIInterfaceOrientationLandscapeRight";
				LD_RUNPATH_SEARCH_PATHS = (
					"$(inherited)",
					"@executable_path/Frameworks",
				);
				MARKETING_VERSION = 1.0;
				PRODUCT_BUNDLE_IDENTIFIER = com.mlukacs.Transactions;
				PRODUCT_NAME = "$(TARGET_NAME)";
				SWIFT_EMIT_LOC_STRINGS = YES;
				SWIFT_VERSION = 5.0;
				TARGETED_DEVICE_FAMILY = "1,2";
			};
			name = Debug;
		};
		B8130D4429185A6700BCF4BB /* Release */ = {
			isa = XCBuildConfiguration;
			buildSettings = {
				ASSETCATALOG_COMPILER_APPICON_NAME = AppIcon;
				ASSETCATALOG_COMPILER_GLOBAL_ACCENT_COLOR_NAME = AccentColor;
				CODE_SIGN_STYLE = Automatic;
				CURRENT_PROJECT_VERSION = 1;
				DEVELOPMENT_ASSET_PATHS = "\"Transactions/App/Preview Content\"";
				DEVELOPMENT_TEAM = WLGFZCD2AB;
				ENABLE_PREVIEWS = YES;
				GENERATE_INFOPLIST_FILE = YES;
				INFOPLIST_KEY_UIApplicationSceneManifest_Generation = YES;
				INFOPLIST_KEY_UIApplicationSupportsIndirectInputEvents = YES;
				INFOPLIST_KEY_UILaunchScreen_Generation = YES;
				INFOPLIST_KEY_UISupportedInterfaceOrientations_iPad = "UIInterfaceOrientationPortrait UIInterfaceOrientationPortraitUpsideDown UIInterfaceOrientationLandscapeLeft UIInterfaceOrientationLandscapeRight";
				INFOPLIST_KEY_UISupportedInterfaceOrientations_iPhone = "UIInterfaceOrientationPortrait UIInterfaceOrientationLandscapeLeft UIInterfaceOrientationLandscapeRight";
				LD_RUNPATH_SEARCH_PATHS = (
					"$(inherited)",
					"@executable_path/Frameworks",
				);
				MARKETING_VERSION = 1.0;
				PRODUCT_BUNDLE_IDENTIFIER = com.mlukacs.Transactions;
				PRODUCT_NAME = "$(TARGET_NAME)";
				SWIFT_EMIT_LOC_STRINGS = YES;
				SWIFT_VERSION = 5.0;
				TARGETED_DEVICE_FAMILY = "1,2";
			};
			name = Release;
		};
		B8130D4629185A6700BCF4BB /* Debug */ = {
			isa = XCBuildConfiguration;
			buildSettings = {
				ALWAYS_EMBED_SWIFT_STANDARD_LIBRARIES = YES;
				BUNDLE_LOADER = "$(TEST_HOST)";
				CODE_SIGN_STYLE = Automatic;
				CURRENT_PROJECT_VERSION = 1;
				DEVELOPMENT_TEAM = WLGFZCD2AB;
				GENERATE_INFOPLIST_FILE = YES;
				IPHONEOS_DEPLOYMENT_TARGET = 16.1;
				MARKETING_VERSION = 1.0;
				PRODUCT_BUNDLE_IDENTIFIER = com.mlukacs.TransactionsTests;
				PRODUCT_NAME = "$(TARGET_NAME)";
				SWIFT_EMIT_LOC_STRINGS = NO;
				SWIFT_VERSION = 5.0;
				TARGETED_DEVICE_FAMILY = "1,2";
				TEST_HOST = "$(BUILT_PRODUCTS_DIR)/Transactions.app/$(BUNDLE_EXECUTABLE_FOLDER_PATH)/Transactions";
			};
			name = Debug;
		};
		B8130D4729185A6700BCF4BB /* Release */ = {
			isa = XCBuildConfiguration;
			buildSettings = {
				ALWAYS_EMBED_SWIFT_STANDARD_LIBRARIES = YES;
				BUNDLE_LOADER = "$(TEST_HOST)";
				CODE_SIGN_STYLE = Automatic;
				CURRENT_PROJECT_VERSION = 1;
				DEVELOPMENT_TEAM = WLGFZCD2AB;
				GENERATE_INFOPLIST_FILE = YES;
				IPHONEOS_DEPLOYMENT_TARGET = 16.1;
				MARKETING_VERSION = 1.0;
				PRODUCT_BUNDLE_IDENTIFIER = com.mlukacs.TransactionsTests;
				PRODUCT_NAME = "$(TARGET_NAME)";
				SWIFT_EMIT_LOC_STRINGS = NO;
				SWIFT_VERSION = 5.0;
				TARGETED_DEVICE_FAMILY = "1,2";
				TEST_HOST = "$(BUILT_PRODUCTS_DIR)/Transactions.app/$(BUNDLE_EXECUTABLE_FOLDER_PATH)/Transactions";
			};
			name = Release;
		};
		B8130D4929185A6700BCF4BB /* Debug */ = {
			isa = XCBuildConfiguration;
			buildSettings = {
				ALWAYS_EMBED_SWIFT_STANDARD_LIBRARIES = YES;
				CODE_SIGN_STYLE = Automatic;
				CURRENT_PROJECT_VERSION = 1;
				DEVELOPMENT_TEAM = WLGFZCD2AB;
				GENERATE_INFOPLIST_FILE = YES;
				MARKETING_VERSION = 1.0;
				PRODUCT_BUNDLE_IDENTIFIER = com.mlukacs.TransactionsUITests;
				PRODUCT_NAME = "$(TARGET_NAME)";
				SWIFT_EMIT_LOC_STRINGS = NO;
				SWIFT_VERSION = 5.0;
				TARGETED_DEVICE_FAMILY = "1,2";
				TEST_TARGET_NAME = Transactions;
			};
			name = Debug;
		};
		B8130D4A29185A6700BCF4BB /* Release */ = {
			isa = XCBuildConfiguration;
			buildSettings = {
				ALWAYS_EMBED_SWIFT_STANDARD_LIBRARIES = YES;
				CODE_SIGN_STYLE = Automatic;
				CURRENT_PROJECT_VERSION = 1;
				DEVELOPMENT_TEAM = WLGFZCD2AB;
				GENERATE_INFOPLIST_FILE = YES;
				MARKETING_VERSION = 1.0;
				PRODUCT_BUNDLE_IDENTIFIER = com.mlukacs.TransactionsUITests;
				PRODUCT_NAME = "$(TARGET_NAME)";
				SWIFT_EMIT_LOC_STRINGS = NO;
				SWIFT_VERSION = 5.0;
				TARGETED_DEVICE_FAMILY = "1,2";
				TEST_TARGET_NAME = Transactions;
			};
			name = Release;
		};
/* End XCBuildConfiguration section */

/* Begin XCConfigurationList section */
		B8130D1929185A6500BCF4BB /* Build configuration list for PBXProject "Transactions" */ = {
			isa = XCConfigurationList;
			buildConfigurations = (
				B8130D4029185A6700BCF4BB /* Debug */,
				B8130D4129185A6700BCF4BB /* Release */,
			);
			defaultConfigurationIsVisible = 0;
			defaultConfigurationName = Release;
		};
		B8130D4229185A6700BCF4BB /* Build configuration list for PBXNativeTarget "Transactions" */ = {
			isa = XCConfigurationList;
			buildConfigurations = (
				B8130D4329185A6700BCF4BB /* Debug */,
				B8130D4429185A6700BCF4BB /* Release */,
			);
			defaultConfigurationIsVisible = 0;
			defaultConfigurationName = Release;
		};
		B8130D4529185A6700BCF4BB /* Build configuration list for PBXNativeTarget "TransactionsTests" */ = {
			isa = XCConfigurationList;
			buildConfigurations = (
				B8130D4629185A6700BCF4BB /* Debug */,
				B8130D4729185A6700BCF4BB /* Release */,
			);
			defaultConfigurationIsVisible = 0;
			defaultConfigurationName = Release;
		};
		B8130D4829185A6700BCF4BB /* Build configuration list for PBXNativeTarget "TransactionsUITests" */ = {
			isa = XCConfigurationList;
			buildConfigurations = (
				B8130D4929185A6700BCF4BB /* Debug */,
				B8130D4A29185A6700BCF4BB /* Release */,
			);
			defaultConfigurationIsVisible = 0;
			defaultConfigurationName = Release;
		};
/* End XCConfigurationList section */

/* Begin XCRemoteSwiftPackageReference section */
		B8130D5229185C9300BCF4BB /* XCRemoteSwiftPackageReference "Factory" */ = {
			isa = XCRemoteSwiftPackageReference;
			repositoryURL = "https://github.com/hmlongco/Factory";
			requirement = {
				kind = upToNextMajorVersion;
				minimumVersion = 1.0.0;
			};
		};
/* End XCRemoteSwiftPackageReference section */

/* Begin XCSwiftPackageProductDependency section */
		B8130D4E29185C5600BCF4BB /* DesignSystem */ = {
			isa = XCSwiftPackageProductDependency;
			productName = DesignSystem;
		};
		B8130D5029185C5600BCF4BB /* Network */ = {
			isa = XCSwiftPackageProductDependency;
			productName = Network;
		};
		B8130D5329185C9300BCF4BB /* Factory */ = {
			isa = XCSwiftPackageProductDependency;
			package = B8130D5229185C9300BCF4BB /* XCRemoteSwiftPackageReference "Factory" */;
			productName = Factory;
		};
/* End XCSwiftPackageProductDependency section */
	};
	rootObject = B8130D1629185A6500BCF4BB /* Project object */;
}
